
Microsoft Visual Studio Solution File, Format Version 12.00
# Visual Studio 15
VisualStudioVersion = 15.0.26730.15
MinimumVisualStudioVersion = 10.0.40219.1
Project("{FAE04EC0-301F-11D3-BF4B-00C04F79EFBC}") = "DelegateAndEvent", "DelegateAndEvent\DelegateAndEvent.csproj", "{04BC27BE-C98F-45FA-8F1C-0E72063AC7A1}"
EndProject
Project("{FAE04EC0-301F-11D3-BF4B-00C04F79EFBC}") = "WinForm", "WinForm\WinForm.csproj", "{D37EA52C-FD57-4D07-809B-3463AE634631}"
EndProject
Project("{FAE04EC0-301F-11D3-BF4B-00C04F79EFBC}") = "AspxPageLifeCycle", "AspxPageLifeCycle\AspxPageLifeCycle.csproj", "{6E668F4D-AA9A-450D-B8A1-D3328B3BE2FC}"
EndProject
Project("{FAE04EC0-301F-11D3-BF4B-00C04F79EFBC}") = "SecurityWebSiteDemo", "SecurityWebSiteDemo\SecurityWebSiteDemo.csproj", "{1CA12E0B-5D52-441B-8AAA-FADE8C6BF52C}"
EndProject
Project("{FAE04EC0-301F-11D3-BF4B-00C04F79EFBC}") = "LanguageFeatures", "LanguageFeatures\LanguageFeatures.csproj", "{8A9A8478-B11E-4A65-84D4-E867930ACF4B}"
EndProject
Project("{2150E333-8FDC-42A3-9474-1A3956D46DE8}") = "06TypeAndMemberBasics", "06TypeAndMemberBasics", "{24C24367-34C7-43FA-9817-79047E3A3138}"
EndProject
Project("{FAE04EC0-301F-11D3-BF4B-00C04F79EFBC}") = "AboutVirtual", "06TypeAndMemberBasics\AboutVirtual\AboutVirtual.csproj", "{5447B4F6-C70E-41D1-8102-7795304E120B}"
EndProject
Project("{2150E333-8FDC-42A3-9474-1A3956D46DE8}") = "07ConstantsAndFields", "07ConstantsAndFields", "{83BC0B55-7664-4FFF-A00A-51F79D131144}"
EndProject
Project("{FAE04EC0-301F-11D3-BF4B-00C04F79EFBC}") = "ConstantsAndFields", "07ConstantsAndFields\ConstantsAndFields\ConstantsAndFields.csproj", "{B27A165B-DC51-4FAD-87E2-F45113FC5549}"
EndProject
Global
	GlobalSection(SolutionConfigurationPlatforms) = preSolution
		Debug|Any CPU = Debug|Any CPU
		Release|Any CPU = Release|Any CPU
	EndGlobalSection
	GlobalSection(ProjectConfigurationPlatforms) = postSolution
		{04BC27BE-C98F-45FA-8F1C-0E72063AC7A1}.Debug|Any CPU.ActiveCfg = Debug|Any CPU
		{04BC27BE-C98F-45FA-8F1C-0E72063AC7A1}.Debug|Any CPU.Build.0 = Debug|Any CPU
		{04BC27BE-C98F-45FA-8F1C-0E72063AC7A1}.Release|Any CPU.ActiveCfg = Release|Any CPU
		{04BC27BE-C98F-45FA-8F1C-0E72063AC7A1}.Release|Any CPU.Build.0 = Release|Any CPU
		{D37EA52C-FD57-4D07-809B-3463AE634631}.Debug|Any CPU.ActiveCfg = Debug|Any CPU
		{D37EA52C-FD57-4D07-809B-3463AE634631}.Debug|Any CPU.Build.0 = Debug|Any CPU
		{D37EA52C-FD57-4D07-809B-3463AE634631}.Release|Any CPU.ActiveCfg = Release|Any CPU
		{D37EA52C-FD57-4D07-809B-3463AE634631}.Release|Any CPU.Build.0 = Release|Any CPU
		{6E668F4D-AA9A-450D-B8A1-D3328B3BE2FC}.Debug|Any CPU.ActiveCfg = Debug|Any CPU
		{6E668F4D-AA9A-450D-B8A1-D3328B3BE2FC}.Debug|Any CPU.Build.0 = Debug|Any CPU
		{6E668F4D-AA9A-450D-B8A1-D3328B3BE2FC}.Release|Any CPU.ActiveCfg = Release|Any CPU
		{6E668F4D-AA9A-450D-B8A1-D3328B3BE2FC}.Release|Any CPU.Build.0 = Release|Any CPU
		{1CA12E0B-5D52-441B-8AAA-FADE8C6BF52C}.Debug|Any CPU.ActiveCfg = Debug|Any CPU
		{1CA12E0B-5D52-441B-8AAA-FADE8C6BF52C}.Debug|Any CPU.Build.0 = Debug|Any CPU
		{1CA12E0B-5D52-441B-8AAA-FADE8C6BF52C}.Release|Any CPU.ActiveCfg = Release|Any CPU
		{1CA12E0B-5D52-441B-8AAA-FADE8C6BF52C}.Release|Any CPU.Build.0 = Release|Any CPU
		{8A9A8478-B11E-4A65-84D4-E867930ACF4B}.Debug|Any CPU.ActiveCfg = Debug|Any CPU
		{8A9A8478-B11E-4A65-84D4-E867930ACF4B}.Debug|Any CPU.Build.0 = Debug|Any CPU
		{8A9A8478-B11E-4A65-84D4-E867930ACF4B}.Release|Any CPU.ActiveCfg = Release|Any CPU
		{8A9A8478-B11E-4A65-84D4-E867930ACF4B}.Release|Any CPU.Build.0 = Release|Any CPU
		{5447B4F6-C70E-41D1-8102-7795304E120B}.Debug|Any CPU.ActiveCfg = Debug|Any CPU
		{5447B4F6-C70E-41D1-8102-7795304E120B}.Debug|Any CPU.Build.0 = Debug|Any CPU
		{5447B4F6-C70E-41D1-8102-7795304E120B}.Release|Any CPU.ActiveCfg = Release|Any CPU
		{5447B4F6-C70E-41D1-8102-7795304E120B}.Release|Any CPU.Build.0 = Release|Any CPU
		{B27A165B-DC51-4FAD-87E2-F45113FC5549}.Debug|Any CPU.ActiveCfg = Debug|Any CPU
		{B27A165B-DC51-4FAD-87E2-F45113FC5549}.Debug|Any CPU.Build.0 = Debug|Any CPU
		{B27A165B-DC51-4FAD-87E2-F45113FC5549}.Release|Any CPU.ActiveCfg = Release|Any CPU
		{B27A165B-DC51-4FAD-87E2-F45113FC5549}.Release|Any CPU.Build.0 = Release|Any CPU
	EndGlobalSection
	GlobalSection(SolutionProperties) = preSolution
		HideSolutionNode = FALSE
	EndGlobalSection
	GlobalSection(NestedProjects) = preSolution
		{5447B4F6-C70E-41D1-8102-7795304E120B} = {24C24367-34C7-43FA-9817-79047E3A3138}
		{B27A165B-DC51-4FAD-87E2-F45113FC5549} = {83BC0B55-7664-4FFF-A00A-51F79D131144}
	EndGlobalSection
	GlobalSection(ExtensibilityGlobals) = postSolution
		SolutionGuid = {9FEECB03-FBD7-4250-9034-B478760F159F}
	EndGlobalSection
EndGlobal
